// !$*UTF8*$!
{
	archiveVersion = 1;
	classes = {
	};
	objectVersion = 56;
	objects = {

/* Begin PBXBuildFile section */
		FACD430C2AF6E127004E0896 /* FIrstAppApp.swift in Sources */ = {isa = PBXBuildFile; fileRef = FACD430B2AF6E127004E0896 /* FIrstAppApp.swift */; };
		FACD430E2AF6E127004E0896 /* ContentView.swift in Sources */ = {isa = PBXBuildFile; fileRef = FACD430D2AF6E127004E0896 /* ContentView.swift */; };
		FACD43102AF6E129004E0896 /* Assets.xcassets in Resources */ = {isa = PBXBuildFile; fileRef = FACD430F2AF6E129004E0896 /* Assets.xcassets */; };
		FACD43142AF6E129004E0896 /* Preview Assets.xcassets in Resources */ = {isa = PBXBuildFile; fileRef = FACD43132AF6E129004E0896 /* Preview Assets.xcassets */; };
		FACD431E2AF6E129004E0896 /* FIrstAppTests.swift in Sources */ = {isa = PBXBuildFile; fileRef = FACD431D2AF6E129004E0896 /* FIrstAppTests.swift */; };
		FACD43282AF6E129004E0896 /* FIrstAppUITests.swift in Sources */ = {isa = PBXBuildFile; fileRef = FACD43272AF6E129004E0896 /* FIrstAppUITests.swift */; };
		FACD432A2AF6E129004E0896 /* FIrstAppUITestsLaunchTests.swift in Sources */ = {isa = PBXBuildFile; fileRef = FACD43292AF6E129004E0896 /* FIrstAppUITestsLaunchTests.swift */; };
/* End PBXBuildFile section */

/* Begin PBXContainerItemProxy section */
		FACD431A2AF6E129004E0896 /* PBXContainerItemProxy */ = {
			isa = PBXContainerItemProxy;
			containerPortal = FACD43002AF6E127004E0896 /* Project object */;
			proxyType = 1;
			remoteGlobalIDString = FACD43072AF6E127004E0896;
			remoteInfo = FIrstApp;
		};
		FACD43242AF6E129004E0896 /* PBXContainerItemProxy */ = {
			isa = PBXContainerItemProxy;
			containerPortal = FACD43002AF6E127004E0896 /* Project object */;
			proxyType = 1;
			remoteGlobalIDString = FACD43072AF6E127004E0896;
			remoteInfo = FIrstApp;
		};
/* End PBXContainerItemProxy section */

/* Begin PBXFileReference section */
		FACD43082AF6E127004E0896 /* FIrstApp.app */ = {isa = PBXFileReference; explicitFileType = wrapper.application; includeInIndex = 0; path = FIrstApp.app; sourceTree = BUILT_PRODUCTS_DIR; };
		FACD430B2AF6E127004E0896 /* FIrstAppApp.swift */ = {isa = PBXFileReference; lastKnownFileType = sourcecode.swift; path = FIrstAppApp.swift; sourceTree = "<group>"; };
		FACD430D2AF6E127004E0896 /* ContentView.swift */ = {isa = PBXFileReference; lastKnownFileType = sourcecode.swift; path = ContentView.swift; sourceTree = "<group>"; };
		FACD430F2AF6E129004E0896 /* Assets.xcassets */ = {isa = PBXFileReference; lastKnownFileType = folder.assetcatalog; path = Assets.xcassets; sourceTree = "<group>"; };
		FACD43112AF6E129004E0896 /* FIrstApp.entitlements */ = {isa = PBXFileReference; lastKnownFileType = text.plist.entitlements; path = FIrstApp.entitlements; sourceTree = "<group>"; };
		FACD43132AF6E129004E0896 /* Preview Assets.xcassets */ = {isa = PBXFileReference; lastKnownFileType = folder.assetcatalog; path = "Preview Assets.xcassets"; sourceTree = "<group>"; };
		FACD43192AF6E129004E0896 /* FIrstAppTests.xctest */ = {isa = PBXFileReference; explicitFileType = wrapper.cfbundle; includeInIndex = 0; path = FIrstAppTests.xctest; sourceTree = BUILT_PRODUCTS_DIR; };
		FACD431D2AF6E129004E0896 /* FIrstAppTests.swift */ = {isa = PBXFileReference; lastKnownFileType = sourcecode.swift; path = FIrstAppTests.swift; sourceTree = "<group>"; };
		FACD43232AF6E129004E0896 /* FIrstAppUITests.xctest */ = {isa = PBXFileReference; explicitFileType = wrapper.cfbundle; includeInIndex = 0; path = FIrstAppUITests.xctest; sourceTree = BUILT_PRODUCTS_DIR; };
		FACD43272AF6E129004E0896 /* FIrstAppUITests.swift */ = {isa = PBXFileReference; lastKnownFileType = sourcecode.swift; path = FIrstAppUITests.swift; sourceTree = "<group>"; };
		FACD43292AF6E129004E0896 /* FIrstAppUITestsLaunchTests.swift */ = {isa = PBXFileReference; lastKnownFileType = sourcecode.swift; path = FIrstAppUITestsLaunchTests.swift; sourceTree = "<group>"; };
/* End PBXFileReference section */

/* Begin PBXFrameworksBuildPhase section */
		FACD43052AF6E127004E0896 /* Frameworks */ = {
			isa = PBXFrameworksBuildPhase;
			buildActionMask = 2147483647;
			files = (
			);
			runOnlyForDeploymentPostprocessing = 0;
		};
		FACD43162AF6E129004E0896 /* Frameworks */ = {
			isa = PBXFrameworksBuildPhase;
			buildActionMask = 2147483647;
			files = (
			);
			runOnlyForDeploymentPostprocessing = 0;
		};
		FACD43202AF6E129004E0896 /* Frameworks */ = {
			isa = PBXFrameworksBuildPhase;
			buildActionMask = 2147483647;
			files = (
			);
			runOnlyForDeploymentPostprocessing = 0;
		};
/* End PBXFrameworksBuildPhase section */

/* Begin PBXGroup section */
		FACD42FF2AF6E127004E0896 = {
			isa = PBXGroup;
			children = (
				FACD430A2AF6E127004E0896 /* FIrstApp */,
				FACD431C2AF6E129004E0896 /* FIrstAppTests */,
				FACD43262AF6E129004E0896 /* FIrstAppUITests */,
				FACD43092AF6E127004E0896 /* Products */,
			);
			sourceTree = "<group>";
		};
		FACD43092AF6E127004E0896 /* Products */ = {
			isa = PBXGroup;
			children = (
				FACD43082AF6E127004E0896 /* FIrstApp.app */,
				FACD43192AF6E129004E0896 /* FIrstAppTests.xctest */,
				FACD43232AF6E129004E0896 /* FIrstAppUITests.xctest */,
			);
			name = Products;
			sourceTree = "<group>";
		};
		FACD430A2AF6E127004E0896 /* FIrstApp */ = {
			isa = PBXGroup;
			children = (
				FACD430B2AF6E127004E0896 /* FIrstAppApp.swift */,
				FACD430D2AF6E127004E0896 /* ContentView.swift */,
				FACD430F2AF6E129004E0896 /* Assets.xcassets */,
				FACD43112AF6E129004E0896 /* FIrstApp.entitlements */,
				FACD43122AF6E129004E0896 /* Preview Content */,
			);
			path = FIrstApp;
			sourceTree = "<group>";
		};
		FACD43122AF6E129004E0896 /* Preview Content */ = {
			isa = PBXGroup;
			children = (
				FACD43132AF6E129004E0896 /* Preview Assets.xcassets */,
			);
			path = "Preview Content";
			sourceTree = "<group>";
		};
		FACD431C2AF6E129004E0896 /* FIrstAppTests */ = {
			isa = PBXGroup;
			children = (
				FACD431D2AF6E129004E0896 /* FIrstAppTests.swift */,
			);
			path = FIrstAppTests;
			sourceTree = "<group>";
		};
		FACD43262AF6E129004E0896 /* FIrstAppUITests */ = {
			isa = PBXGroup;
			children = (
				FACD43272AF6E129004E0896 /* FIrstAppUITests.swift */,
				FACD43292AF6E129004E0896 /* FIrstAppUITestsLaunchTests.swift */,
			);
			path = FIrstAppUITests;
			sourceTree = "<group>";
		};
/* End PBXGroup section */

/* Begin PBXNativeTarget section */
		FACD43072AF6E127004E0896 /* FIrstApp */ = {
			isa = PBXNativeTarget;
			buildConfigurationList = FACD432D2AF6E129004E0896 /* Build configuration list for PBXNativeTarget "FIrstApp" */;
			buildPhases = (
				FACD43042AF6E127004E0896 /* Sources */,
				FACD43052AF6E127004E0896 /* Frameworks */,
				FACD43062AF6E127004E0896 /* Resources */,
			);
			buildRules = (
			);
			dependencies = (
			);
			name = FIrstApp;
			productName = FIrstApp;
			productReference = FACD43082AF6E127004E0896 /* FIrstApp.app */;
			productType = "com.apple.product-type.application";
		};
		FACD43182AF6E129004E0896 /* FIrstAppTests */ = {
			isa = PBXNativeTarget;
			buildConfigurationList = FACD43302AF6E129004E0896 /* Build configuration list for PBXNativeTarget "FIrstAppTests" */;
			buildPhases = (
				FACD43152AF6E129004E0896 /* Sources */,
				FACD43162AF6E129004E0896 /* Frameworks */,
				FACD43172AF6E129004E0896 /* Resources */,
			);
			buildRules = (
			);
			dependencies = (
				FACD431B2AF6E129004E0896 /* PBXTargetDependency */,
			);
			name = FIrstAppTests;
			productName = FIrstAppTests;
			productReference = FACD43192AF6E129004E0896 /* FIrstAppTests.xctest */;
			productType = "com.apple.product-type.bundle.unit-test";
		};
		FACD43222AF6E129004E0896 /* FIrstAppUITests */ = {
			isa = PBXNativeTarget;
			buildConfigurationList = FACD43332AF6E129004E0896 /* Build configuration list for PBXNativeTarget "FIrstAppUITests" */;
			buildPhases = (
				FACD431F2AF6E129004E0896 /* Sources */,
				FACD43202AF6E129004E0896 /* Frameworks */,
				FACD43212AF6E129004E0896 /* Resources */,
			);
			buildRules = (
			);
			dependencies = (
				FACD43252AF6E129004E0896 /* PBXTargetDependency */,
			);
			name = FIrstAppUITests;
			productName = FIrstAppUITests;
			productReference = FACD43232AF6E129004E0896 /* FIrstAppUITests.xctest */;
			productType = "com.apple.product-type.bundle.ui-testing";
		};
/* End PBXNativeTarget section */

/* Begin PBXProject section */
		FACD43002AF6E127004E0896 /* Project object */ = {
			isa = PBXProject;
			attributes = {
				BuildIndependentTargetsInParallel = 1;
				LastSwiftUpdateCheck = 1500;
				LastUpgradeCheck = 1500;
				TargetAttributes = {
					FACD43072AF6E127004E0896 = {
						CreatedOnToolsVersion = 15.0.1;
					};
					FACD43182AF6E129004E0896 = {
						CreatedOnToolsVersion = 15.0.1;
						TestTargetID = FACD43072AF6E127004E0896;
					};
					FACD43222AF6E129004E0896 = {
						CreatedOnToolsVersion = 15.0.1;
						TestTargetID = FACD43072AF6E127004E0896;
					};
				};
			};
			buildConfigurationList = FACD43032AF6E127004E0896 /* Build configuration list for PBXProject "FIrstApp" */;
			compatibilityVersion = "Xcode 14.0";
			developmentRegion = en;
			hasScannedForEncodings = 0;
			knownRegions = (
				en,
				Base,
			);
			mainGroup = FACD42FF2AF6E127004E0896;
			productRefGroup = FACD43092AF6E127004E0896 /* Products */;
			projectDirPath = "";
			projectRoot = "";
			targets = (
				FACD43072AF6E127004E0896 /* FIrstApp */,
				FACD43182AF6E129004E0896 /* FIrstAppTests */,
				FACD43222AF6E129004E0896 /* FIrstAppUITests */,
			);
		};
/* End PBXProject section */

/* Begin PBXResourcesBuildPhase section */
		FACD43062AF6E127004E0896 /* Resources */ = {
			isa = PBXResourcesBuildPhase;
			buildActionMask = 2147483647;
			files = (
				FACD43142AF6E129004E0896 /* Preview Assets.xcassets in Resources */,
				FACD43102AF6E129004E0896 /* Assets.xcassets in Resources */,
			);
			runOnlyForDeploymentPostprocessing = 0;
		};
		FACD43172AF6E129004E0896 /* Resources */ = {
			isa = PBXResourcesBuildPhase;
			buildActionMask = 2147483647;
			files = (
			);
			runOnlyForDeploymentPostprocessing = 0;
		};
		FACD43212AF6E129004E0896 /* Resources */ = {
			isa = PBXResourcesBuildPhase;
			buildActionMask = 2147483647;
			files = (
			);
			runOnlyForDeploymentPostprocessing = 0;
		};
/* End PBXResourcesBuildPhase section */

/* Begin PBXSourcesBuildPhase section */
		FACD43042AF6E127004E0896 /* Sources */ = {
			isa = PBXSourcesBuildPhase;
			buildActionMask = 2147483647;
			files = (
				FACD430E2AF6E127004E0896 /* ContentView.swift in Sources */,
				FACD430C2AF6E127004E0896 /* FIrstAppApp.swift in Sources */,
			);
			runOnlyForDeploymentPostprocessing = 0;
		};
		FACD43152AF6E129004E0896 /* Sources */ = {
			isa = PBXSourcesBuildPhase;
			buildActionMask = 2147483647;
			files = (
				FACD431E2AF6E129004E0896 /* FIrstAppTests.swift in Sources */,
			);
			runOnlyForDeploymentPostprocessing = 0;
		};
		FACD431F2AF6E129004E0896 /* Sources */ = {
			isa = PBXSourcesBuildPhase;
			buildActionMask = 2147483647;
			files = (
				FACD432A2AF6E129004E0896 /* FIrstAppUITestsLaunchTests.swift in Sources */,
				FACD43282AF6E129004E0896 /* FIrstAppUITests.swift in Sources */,
			);
			runOnlyForDeploymentPostprocessing = 0;
		};
/* End PBXSourcesBuildPhase section */

/* Begin PBXTargetDependency section */
		FACD431B2AF6E129004E0896 /* PBXTargetDependency */ = {
			isa = PBXTargetDependency;
			target = FACD43072AF6E127004E0896 /* FIrstApp */;
			targetProxy = FACD431A2AF6E129004E0896 /* PBXContainerItemProxy */;
		};
		FACD43252AF6E129004E0896 /* PBXTargetDependency */ = {
			isa = PBXTargetDependency;
			target = FACD43072AF6E127004E0896 /* FIrstApp */;
			targetProxy = FACD43242AF6E129004E0896 /* PBXContainerItemProxy */;
		};
/* End PBXTargetDependency section */

/* Begin XCBuildConfiguration section */
		FACD432B2AF6E129004E0896 /* Debug */ = {
			isa = XCBuildConfiguration;
			buildSettings = {
				ALWAYS_SEARCH_USER_PATHS = NO;
				ASSETCATALOG_COMPILER_GENERATE_SWIFT_ASSET_SYMBOL_EXTENSIONS = YES;
				CLANG_ANALYZER_NONNULL = YES;
				CLANG_ANALYZER_NUMBER_OBJECT_CONVERSION = YES_AGGRESSIVE;
				CLANG_CXX_LANGUAGE_STANDARD = "gnu++20";
				CLANG_ENABLE_MODULES = YES;
				CLANG_ENABLE_OBJC_ARC = YES;
				CLANG_ENABLE_OBJC_WEAK = YES;
				CLANG_WARN_BLOCK_CAPTURE_AUTORELEASING = YES;
				CLANG_WARN_BOOL_CONVERSION = YES;
				CLANG_WARN_COMMA = YES;
				CLANG_WARN_CONSTANT_CONVERSION = YES;
				CLANG_WARN_DEPRECATED_OBJC_IMPLEMENTATIONS = YES;
				CLANG_WARN_DIRECT_OBJC_ISA_USAGE = YES_ERROR;
				CLANG_WARN_DOCUMENTATION_COMMENTS = YES;
				CLANG_WARN_EMPTY_BODY = YES;
				CLANG_WARN_ENUM_CONVERSION = YES;
				CLANG_WARN_INFINITE_RECURSION = YES;
				CLANG_WARN_INT_CONVERSION = YES;
				CLANG_WARN_NON_LITERAL_NULL_CONVERSION = YES;
				CLANG_WARN_OBJC_IMPLICIT_RETAIN_SELF = YES;
				CLANG_WARN_OBJC_LITERAL_CONVERSION = YES;
				CLANG_WARN_OBJC_ROOT_CLASS = YES_ERROR;
				CLANG_WARN_QUOTED_INCLUDE_IN_FRAMEWORK_HEADER = YES;
				CLANG_WARN_RANGE_LOOP_ANALYSIS = YES;
				CLANG_WARN_STRICT_PROTOTYPES = YES;
				CLANG_WARN_SUSPICIOUS_MOVE = YES;
				CLANG_WARN_UNGUARDED_AVAILABILITY = YES_AGGRESSIVE;
				CLANG_WARN_UNREACHABLE_CODE = YES;
				CLANG_WARN__DUPLICATE_METHOD_MATCH = YES;
				COPY_PHASE_STRIP = NO;
				DEBUG_INFORMATION_FORMAT = dwarf;
				ENABLE_STRICT_OBJC_MSGSEND = YES;
				ENABLE_TESTABILITY = YES;
				ENABLE_USER_SCRIPT_SANDBOXING = YES;
				GCC_C_LANGUAGE_STANDARD = gnu17;
				GCC_DYNAMIC_NO_PIC = NO;
				GCC_NO_COMMON_BLOCKS = YES;
				GCC_OPTIMIZATION_LEVEL = 0;
				GCC_PREPROCESSOR_DEFINITIONS = (
					"DEBUG=1",
					"$(inherited)",
				);
				GCC_WARN_64_TO_32_BIT_CONVERSION = YES;
				GCC_WARN_ABOUT_RETURN_TYPE = YES_ERROR;
				GCC_WARN_UNDECLARED_SELECTOR = YES;
				GCC_WARN_UNINITIALIZED_AUTOS = YES_AGGRESSIVE;
				GCC_WARN_UNUSED_FUNCTION = YES;
				GCC_WARN_UNUSED_VARIABLE = YES;
				LOCALIZATION_PREFERS_STRING_CATALOGS = YES;
				MTL_ENABLE_DEBUG_INFO = INCLUDE_SOURCE;
				MTL_FAST_MATH = YES;
				ONLY_ACTIVE_ARCH = YES;
				SWIFT_ACTIVE_COMPILATION_CONDITIONS = "DEBUG $(inherited)";
				SWIFT_OPTIMIZATION_LEVEL = "-Onone";
			};
			name = Debug;
		};
		FACD432C2AF6E129004E0896 /* Release */ = {
			isa = XCBuildConfiguration;
			buildSettings = {
				ALWAYS_SEARCH_USER_PATHS = NO;
				ASSETCATALOG_COMPILER_GENERATE_SWIFT_ASSET_SYMBOL_EXTENSIONS = YES;
				CLANG_ANALYZER_NONNULL = YES;
				CLANG_ANALYZER_NUMBER_OBJECT_CONVERSION = YES_AGGRESSIVE;
				CLANG_CXX_LANGUAGE_STANDARD = "gnu++20";
				CLANG_ENABLE_MODULES = YES;
				CLANG_ENABLE_OBJC_ARC = YES;
				CLANG_ENABLE_OBJC_WEAK = YES;
				CLANG_WARN_BLOCK_CAPTURE_AUTORELEASING = YES;
				CLANG_WARN_BOOL_CONVERSION = YES;
				CLANG_WARN_COMMA = YES;
				CLANG_WARN_CONSTANT_CONVERSION = YES;
				CLANG_WARN_DEPRECATED_OBJC_IMPLEMENTATIONS = YES;
				CLANG_WARN_DIRECT_OBJC_ISA_USAGE = YES_ERROR;
				CLANG_WARN_DOCUMENTATION_COMMENTS = YES;
				CLANG_WARN_EMPTY_BODY = YES;
				CLANG_WARN_ENUM_CONVERSION = YES;
				CLANG_WARN_INFINITE_RECURSION = YES;
				CLANG_WARN_INT_CONVERSION = YES;
				CLANG_WARN_NON_LITERAL_NULL_CONVERSION = YES;
				CLANG_WARN_OBJC_IMPLICIT_RETAIN_SELF = YES;
				CLANG_WARN_OBJC_LITERAL_CONVERSION = YES;
				CLANG_WARN_OBJC_ROOT_CLASS = YES_ERROR;
				CLANG_WARN_QUOTED_INCLUDE_IN_FRAMEWORK_HEADER = YES;
				CLANG_WARN_RANGE_LOOP_ANALYSIS = YES;
				CLANG_WARN_STRICT_PROTOTYPES = YES;
				CLANG_WARN_SUSPICIOUS_MOVE = YES;
				CLANG_WARN_UNGUARDED_AVAILABILITY = YES_AGGRESSIVE;
				CLANG_WARN_UNREACHABLE_CODE = YES;
				CLANG_WARN__DUPLICATE_METHOD_MATCH = YES;
				COPY_PHASE_STRIP = NO;
				DEBUG_INFORMATION_FORMAT = "dwarf-with-dsym";
				ENABLE_NS_ASSERTIONS = NO;
				ENABLE_STRICT_OBJC_MSGSEND = YES;
				ENABLE_USER_SCRIPT_SANDBOXING = YES;
				GCC_C_LANGUAGE_STANDARD = gnu17;
				GCC_NO_COMMON_BLOCKS = YES;
				GCC_WARN_64_TO_32_BIT_CONVERSION = YES;
				GCC_WARN_ABOUT_RETURN_TYPE = YES_ERROR;
				GCC_WARN_UNDECLARED_SELECTOR = YES;
				GCC_WARN_UNINITIALIZED_AUTOS = YES_AGGRESSIVE;
				GCC_WARN_UNUSED_FUNCTION = YES;
				GCC_WARN_UNUSED_VARIABLE = YES;
				LOCALIZATION_PREFERS_STRING_CATALOGS = YES;
				MTL_ENABLE_DEBUG_INFO = NO;
				MTL_FAST_MATH = YES;
				SWIFT_COMPILATION_MODE = wholemodule;
			};
			name = Release;
		};
		FACD432E2AF6E129004E0896 /* Debug */ = {
			isa = XCBuildConfiguration;
			buildSettings = {
				ASSETCATALOG_COMPILER_APPICON_NAME = AppIcon;
				ASSETCATALOG_COMPILER_GLOBAL_ACCENT_COLOR_NAME = AccentColor;
				CODE_SIGN_ENTITLEMENTS = FIrstApp/FIrstApp.entitlements;
				CODE_SIGN_STYLE = Automatic;
				CURRENT_PROJECT_VERSION = 1;
				DEVELOPMENT_ASSET_PATHS = "\"FIrstApp/Preview Content\"";
				ENABLE_PREVIEWS = YES;
				GENERATE_INFOPLIST_FILE = YES;
				"INFOPLIST_KEY_UIApplicationSceneManifest_Generation[sdk=iphoneos*]" = YES;
				"INFOPLIST_KEY_UIApplicationSceneManifest_Generation[sdk=iphonesimulator*]" = YES;
				"INFOPLIST_KEY_UIApplicationSupportsIndirectInputEvents[sdk=iphoneos*]" = YES;
				"INFOPLIST_KEY_UIApplicationSupportsIndirectInputEvents[sdk=iphonesimulator*]" = YES;
				"INFOPLIST_KEY_UILaunchScreen_Generation[sdk=iphoneos*]" = YES;
				"INFOPLIST_KEY_UILaunchScreen_Generation[sdk=iphonesimulator*]" = YES;
				"INFOPLIST_KEY_UIStatusBarStyle[sdk=iphoneos*]" = UIStatusBarStyleDefault;
				"INFOPLIST_KEY_UIStatusBarStyle[sdk=iphonesimulator*]" = UIStatusBarStyleDefault;
				INFOPLIST_KEY_UISupportedInterfaceOrientations_iPad = "UIInterfaceOrientationPortrait UIInterfaceOrientationPortraitUpsideDown UIInterfaceOrientationLandscapeLeft UIInterfaceOrientationLandscapeRight";
				INFOPLIST_KEY_UISupportedInterfaceOrientations_iPhone = "UIInterfaceOrientationPortrait UIInterfaceOrientationLandscapeLeft UIInterfaceOrientationLandscapeRight";
				IPHONEOS_DEPLOYMENT_TARGET = 17.0;
				LD_RUNPATH_SEARCH_PATHS = "@executable_path/Frameworks";
				"LD_RUNPATH_SEARCH_PATHS[sdk=macosx*]" = "@executable_path/../Frameworks";
				MACOSX_DEPLOYMENT_TARGET = 14.0;
				MARKETING_VERSION = 1.0;
				PRODUCT_BUNDLE_IDENTIFIER = AP.FIrstApp;
				PRODUCT_NAME = "$(TARGET_NAME)";
				SDKROOT = auto;
				SUPPORTED_PLATFORMS = "iphoneos iphonesimulator macosx";
				SWIFT_EMIT_LOC_STRINGS = YES;
				SWIFT_VERSION = 5.0;
				TARGETED_DEVICE_FAMILY = "1,2";
			};
			name = Debug;
		};
		FACD432F2AF6E129004E0896 /* Release */ = {
			isa = XCBuildConfiguration;
			buildSettings = {
				ASSETCATALOG_COMPILER_APPICON_NAME = AppIcon;
				ASSETCATALOG_COMPILER_GLOBAL_ACCENT_COLOR_NAME = AccentColor;
				CODE_SIGN_ENTITLEMENTS = FIrstApp/FIrstApp.entitlements;
				CODE_SIGN_STYLE = Automatic;
				CURRENT_PROJECT_VERSION = 1;
				DEVELOPMENT_ASSET_PATHS = "\"FIrstApp/Preview Content\"";
				ENABLE_PREVIEWS = YES;
				GENERATE_INFOPLIST_FILE = YES;
				"INFOPLIST_KEY_UIApplicationSceneManifest_Generation[sdk=iphoneos*]" = YES;
				"INFOPLIST_KEY_UIApplicationSceneManifest_Generation[sdk=iphonesimulator*]" = YES;
				"INFOPLIST_KEY_UIApplicationSupportsIndirectInputEvents[sdk=iphoneos*]" = YES;
				"INFOPLIST_KEY_UIApplicationSupportsIndirectInputEvents[sdk=iphonesimulator*]" = YES;
				"INFOPLIST_KEY_UILaunchScreen_Generation[sdk=iphoneos*]" = YES;
				"INFOPLIST_KEY_UILaunchScreen_Generation[sdk=iphonesimulator*]" = YES;
				"INFOPLIST_KEY_UIStatusBarStyle[sdk=iphoneos*]" = UIStatusBarStyleDefault;
				"INFOPLIST_KEY_UIStatusBarStyle[sdk=iphonesimulator*]" = UIStatusBarStyleDefault;
				INFOPLIST_KEY_UISupportedInterfaceOrientations_iPad = "UIInterfaceOrientationPortrait UIInterfaceOrientationPortraitUpsideDown UIInterfaceOrientationLandscapeLeft UIInterfaceOrientationLandscapeRight";
				INFOPLIST_KEY_UISupportedInterfaceOrientations_iPhone = "UIInterfaceOrientationPortrait UIInterfaceOrientationLandscapeLeft UIInterfaceOrientationLandscapeRight";
				IPHONEOS_DEPLOYMENT_TARGET = 17.0;
				LD_RUNPATH_SEARCH_PATHS = "@executable_path/Frameworks";
				"LD_RUNPATH_SEARCH_PATHS[sdk=macosx*]" = "@executable_path/../Frameworks";
				MACOSX_DEPLOYMENT_TARGET = 14.0;
				MARKETING_VERSION = 1.0;
				PRODUCT_BUNDLE_IDENTIFIER = AP.FIrstApp;
				PRODUCT_NAME = "$(TARGET_NAME)";
				SDKROOT = auto;
				SUPPORTED_PLATFORMS = "iphoneos iphonesimulator macosx";
				SWIFT_EMIT_LOC_STRINGS = YES;
				SWIFT_VERSION = 5.0;
				TARGETED_DEVICE_FAMILY = "1,2";
			};
			name = Release;
		};
		FACD43312AF6E129004E0896 /* Debug */ = {
			isa = XCBuildConfiguration;
			buildSettings = {
				ALWAYS_EMBED_SWIFT_STANDARD_LIBRARIES = YES;
				BUNDLE_LOADER = "$(TEST_HOST)";
				CODE_SIGN_STYLE = Automatic;
				CURRENT_PROJECT_VERSION = 1;
				GENERATE_INFOPLIST_FILE = YES;
				IPHONEOS_DEPLOYMENT_TARGET = 17.0;
				MACOSX_DEPLOYMENT_TARGET = 14.0;
				MARKETING_VERSION = 1.0;
				PRODUCT_BUNDLE_IDENTIFIER = AP.FIrstAppTests;
				PRODUCT_NAME = "$(TARGET_NAME)";
				SDKROOT = auto;
				SUPPORTED_PLATFORMS = "iphoneos iphonesimulator macosx";
				SWIFT_EMIT_LOC_STRINGS = NO;
				SWIFT_VERSION = 5.0;
				TARGETED_DEVICE_FAMILY = "1,2";
				TEST_HOST = "$(BUILT_PRODUCTS_DIR)/FIrstApp.app/$(BUNDLE_EXECUTABLE_FOLDER_PATH)/FIrstApp";
			};
			name = Debug;
		};
		FACD43322AF6E129004E0896 /* Release */ = {
			isa = XCBuildConfiguration;
			buildSettings = {
				ALWAYS_EMBED_SWIFT_STANDARD_LIBRARIES = YES;
				BUNDLE_LOADER = "$(TEST_HOST)";
				CODE_SIGN_STYLE = Automatic;
				CURRENT_PROJECT_VERSION = 1;
				GENERATE_INFOPLIST_FILE = YES;
				IPHONEOS_DEPLOYMENT_TARGET = 17.0;
				MACOSX_DEPLOYMENT_TARGET = 14.0;
				MARKETING_VERSION = 1.0;
				PRODUCT_BUNDLE_IDENTIFIER = AP.FIrstAppTests;
				PRODUCT_NAME = "$(TARGET_NAME)";
				SDKROOT = auto;
				SUPPORTED_PLATFORMS = "iphoneos iphonesimulator macosx";
				SWIFT_EMIT_LOC_STRINGS = NO;
				SWIFT_VERSION = 5.0;
				TARGETED_DEVICE_FAMILY = "1,2";
				TEST_HOST = "$(BUILT_PRODUCTS_DIR)/FIrstApp.app/$(BUNDLE_EXECUTABLE_FOLDER_PATH)/FIrstApp";
			};
			name = Release;
		};
		FACD43342AF6E129004E0896 /* Debug */ = {
			isa = XCBuildConfiguration;
			buildSettings = {
				ALWAYS_EMBED_SWIFT_STANDARD_LIBRARIES = YES;
				CODE_SIGN_STYLE = Automatic;
				CURRENT_PROJECT_VERSION = 1;
				GENERATE_INFOPLIST_FILE = YES;
				IPHONEOS_DEPLOYMENT_TARGET = 17.0;
				MACOSX_DEPLOYMENT_TARGET = 14.0;
				MARKETING_VERSION = 1.0;
				PRODUCT_BUNDLE_IDENTIFIER = AP.FIrstAppUITests;
				PRODUCT_NAME = "$(TARGET_NAME)";
				SDKROOT = auto;
				SUPPORTED_PLATFORMS = "iphoneos iphonesimulator macosx";
				SWIFT_EMIT_LOC_STRINGS = NO;
				SWIFT_VERSION = 5.0;
				TARGETED_DEVICE_FAMILY = "1,2";
				TEST_TARGET_NAME = FIrstApp;
			};
			name = Debug;
		};
		FACD43352AF6E129004E0896 /* Release */ = {
			isa = XCBuildConfiguration;
			buildSettings = {
				ALWAYS_EMBED_SWIFT_STANDARD_LIBRARIES = YES;
				CODE_SIGN_STYLE = Automatic;
				CURRENT_PROJECT_VERSION = 1;
				GENERATE_INFOPLIST_FILE = YES;
				IPHONEOS_DEPLOYMENT_TARGET = 17.0;
				MACOSX_DEPLOYMENT_TARGET = 14.0;
				MARKETING_VERSION = 1.0;
				PRODUCT_BUNDLE_IDENTIFIER = AP.FIrstAppUITests;
				PRODUCT_NAME = "$(TARGET_NAME)";
				SDKROOT = auto;
				SUPPORTED_PLATFORMS = "iphoneos iphonesimulator macosx";
				SWIFT_EMIT_LOC_STRINGS = NO;
				SWIFT_VERSION = 5.0;
				TARGETED_DEVICE_FAMILY = "1,2";
				TEST_TARGET_NAME = FIrstApp;
			};
			name = Release;
		};
/* End XCBuildConfiguration section */

/* Begin XCConfigurationList section */
		FACD43032AF6E127004E0896 /* Build configuration list for PBXProject "FIrstApp" */ = {
			isa = XCConfigurationList;
			buildConfigurations = (
				FACD432B2AF6E129004E0896 /* Debug */,
				FACD432C2AF6E129004E0896 /* Release */,
			);
			defaultConfigurationIsVisible = 0;
			defaultConfigurationName = Release;
		};
		FACD432D2AF6E129004E0896 /* Build configuration list for PBXNativeTarget "FIrstApp" */ = {
			isa = XCConfigurationList;
			buildConfigurations = (
				FACD432E2AF6E129004E0896 /* Debug */,
				FACD432F2AF6E129004E0896 /* Release */,
			);
			defaultConfigurationIsVisible = 0;
			defaultConfigurationName = Release;
		};
		FACD43302AF6E129004E0896 /* Build configuration list for PBXNativeTarget "FIrstAppTests" */ = {
			isa = XCConfigurationList;
			buildConfigurations = (
				FACD43312AF6E129004E0896 /* Debug */,
				FACD43322AF6E129004E0896 /* Release */,
			);
			defaultConfigurationIsVisible = 0;
			defaultConfigurationName = Release;
		};
		FACD43332AF6E129004E0896 /* Build configuration list for PBXNativeTarget "FIrstAppUITests" */ = {
			isa = XCConfigurationList;
			buildConfigurations = (
				FACD43342AF6E129004E0896 /* Debug */,
				FACD43352AF6E129004E0896 /* Release */,
			);
			defaultConfigurationIsVisible = 0;
			defaultConfigurationName = Release;
		};
/* End XCConfigurationList section */
	};
	rootObject = FACD43002AF6E127004E0896 /* Project object */;
}
